
Microsoft Visual Studio Solution File, Format Version 12.00
# Visual Studio Version 17
VisualStudioVersion = 17.3.32929.385
MinimumVisualStudioVersion = 10.0.40219.1
Project("{FAE04EC0-301F-11D3-BF4B-00C04F79EFBC}") = "car-service-singleton-pattern", "car-service-singleton-pattern\car-service-singleton-pattern.csproj", "{5ED0CFF8-3586-42D1-8FF2-0085310D7351}"
EndProject
Global
	GlobalSection(SolutionConfigurationPlatforms) = preSolution
		Debug|Any CPU = Debug|Any CPU
		Release|Any CPU = Release|Any CPU
	EndGlobalSection
	GlobalSection(ProjectConfigurationPlatforms) = postSolution
		{5ED0CFF8-3586-42D1-8FF2-0085310D7351}.Debug|Any CPU.ActiveCfg = Debug|Any CPU
		{5ED0CFF8-3586-42D1-8FF2-0085310D7351}.Debug|Any CPU.Build.0 = Debug|Any CPU
		{5ED0CFF8-3586-42D1-8FF2-0085310D7351}.Release|Any CPU.ActiveCfg = Release|Any CPU
		{5ED0CFF8-3586-42D1-8FF2-0085310D7351}.Release|Any CPU.Build.0 = Release|Any CPU
	EndGlobalSection
	GlobalSection(SolutionProperties) = preSolution
		HideSolutionNode = FALSE
	EndGlobalSection
	GlobalSection(ExtensibilityGlobals) = postSolution
		SolutionGuid = {A8BA76BA-AE87-49EA-83B4-E02620F445F8}
	EndGlobalSection
EndGlobal
